
Microsoft Visual Studio Solution File, Format Version 12.00
# Visual Studio Version 16
VisualStudioVersion = 16.0.31105.61
MinimumVisualStudioVersion = 10.0.40219.1
Project("{FAE04EC0-301F-11D3-BF4B-00C04F79EFBC}") = "Lab5.1RPG", "Lab5.1RPG\Lab5.1RPG.csproj", "{8E5F28B6-A2C1-4027-8B99-CA8881369264}"
EndProject
Global
	GlobalSection(SolutionConfigurationPlatforms) = preSolution
		Debug|Any CPU = Debug|Any CPU
		Release|Any CPU = Release|Any CPU
	EndGlobalSection
	GlobalSection(ProjectConfigurationPlatforms) = postSolution
		{8E5F28B6-A2C1-4027-8B99-CA8881369264}.Debug|Any CPU.ActiveCfg = Debug|Any CPU
		{8E5F28B6-A2C1-4027-8B99-CA8881369264}.Debug|Any CPU.Build.0 = Debug|Any CPU
		{8E5F28B6-A2C1-4027-8B99-CA8881369264}.Release|Any CPU.ActiveCfg = Release|Any CPU
		{8E5F28B6-A2C1-4027-8B99-CA8881369264}.Release|Any CPU.Build.0 = Release|Any CPU
	EndGlobalSection
	GlobalSection(SolutionProperties) = preSolution
		HideSolutionNode = FALSE
	EndGlobalSection
	GlobalSection(ExtensibilityGlobals) = postSolution
		SolutionGuid = {5EF640BB-C619-4BD7-B372-59F555691704}
	EndGlobalSection
EndGlobal
